
Microsoft Visual Studio Solution File, Format Version 12.00
# Visual Studio Version 17
VisualStudioVersion = 17.4.33205.214
MinimumVisualStudioVersion = 10.0.40219.1
Project("{888888A0-9F3D-457C-B088-3A5042F75D52}") = "Praktiline töö Palgad", "Praktiline töö Palgad.pyproj", "{F7FC3D8D-E158-481A-830A-AE0DC1FCCCD9}"
EndProject
Global
	GlobalSection(SolutionConfigurationPlatforms) = preSolution
		Debug|Any CPU = Debug|Any CPU
		Release|Any CPU = Release|Any CPU
	EndGlobalSection
	GlobalSection(ProjectConfigurationPlatforms) = postSolution
		{F7FC3D8D-E158-481A-830A-AE0DC1FCCCD9}.Debug|Any CPU.ActiveCfg = Debug|Any CPU
		{F7FC3D8D-E158-481A-830A-AE0DC1FCCCD9}.Release|Any CPU.ActiveCfg = Release|Any CPU
	EndGlobalSection
	GlobalSection(SolutionProperties) = preSolution
		HideSolutionNode = FALSE
	EndGlobalSection
	GlobalSection(ExtensibilityGlobals) = postSolution
		SolutionGuid = {A730DB26-6925-4ED0-8B5B-22102EC91CE6}
	EndGlobalSection
EndGlobal
